// !$*UTF8*$!
{
	archiveVersion = 1;
	classes = {
	};
	objectVersion = 50;
	objects = {

/* Begin PBXBuildFile section */
		5B2340D725BF4E8D0015ED22 /* InstafilterApp.swift in Sources */ = {isa = PBXBuildFile; fileRef = 5B2340C425BF4E890015ED22 /* InstafilterApp.swift */; };
		5B2340D825BF4E8D0015ED22 /* InstafilterApp.swift in Sources */ = {isa = PBXBuildFile; fileRef = 5B2340C425BF4E890015ED22 /* InstafilterApp.swift */; };
		5B2340D925BF4E8D0015ED22 /* ContentView.swift in Sources */ = {isa = PBXBuildFile; fileRef = 5B2340C525BF4E890015ED22 /* ContentView.swift */; };
		5B2340DA25BF4E8D0015ED22 /* ContentView.swift in Sources */ = {isa = PBXBuildFile; fileRef = 5B2340C525BF4E890015ED22 /* ContentView.swift */; };
		5B2340DB25BF4E8D0015ED22 /* Assets.xcassets in Resources */ = {isa = PBXBuildFile; fileRef = 5B2340C625BF4E8D0015ED22 /* Assets.xcassets */; };
		5B2340DC25BF4E8D0015ED22 /* Assets.xcassets in Resources */ = {isa = PBXBuildFile; fileRef = 5B2340C625BF4E8D0015ED22 /* Assets.xcassets */; };
		5BF469FB25C0857C0047989C /* ImagePicker.swift in Sources */ = {isa = PBXBuildFile; fileRef = 5BF469FA25C0857C0047989C /* ImagePicker.swift */; };
		5BF469FC25C0857C0047989C /* ImagePicker.swift in Sources */ = {isa = PBXBuildFile; fileRef = 5BF469FA25C0857C0047989C /* ImagePicker.swift */; };
/* End PBXBuildFile section */

/* Begin PBXFileReference section */
		5B2340C425BF4E890015ED22 /* InstafilterApp.swift */ = {isa = PBXFileReference; lastKnownFileType = sourcecode.swift; path = InstafilterApp.swift; sourceTree = "<group>"; };
		5B2340C525BF4E890015ED22 /* ContentView.swift */ = {isa = PBXFileReference; lastKnownFileType = sourcecode.swift; path = ContentView.swift; sourceTree = "<group>"; };
		5B2340C625BF4E8D0015ED22 /* Assets.xcassets */ = {isa = PBXFileReference; lastKnownFileType = folder.assetcatalog; path = Assets.xcassets; sourceTree = "<group>"; };
		5B2340CB25BF4E8D0015ED22 /* Instafilter.app */ = {isa = PBXFileReference; explicitFileType = wrapper.application; includeInIndex = 0; path = Instafilter.app; sourceTree = BUILT_PRODUCTS_DIR; };
		5B2340CE25BF4E8D0015ED22 /* Info.plist */ = {isa = PBXFileReference; lastKnownFileType = text.plist.xml; path = Info.plist; sourceTree = "<group>"; };
		5B2340D325BF4E8D0015ED22 /* Instafilter.app */ = {isa = PBXFileReference; explicitFileType = wrapper.application; includeInIndex = 0; path = Instafilter.app; sourceTree = BUILT_PRODUCTS_DIR; };
		5B2340D525BF4E8D0015ED22 /* Info.plist */ = {isa = PBXFileReference; lastKnownFileType = text.plist.xml; path = Info.plist; sourceTree = "<group>"; };
		5B2340D625BF4E8D0015ED22 /* macOS.entitlements */ = {isa = PBXFileReference; lastKnownFileType = text.plist.entitlements; path = macOS.entitlements; sourceTree = "<group>"; };
		5BF469FA25C0857C0047989C /* ImagePicker.swift */ = {isa = PBXFileReference; lastKnownFileType = sourcecode.swift; path = ImagePicker.swift; sourceTree = "<group>"; };
/* End PBXFileReference section */

/* Begin PBXFrameworksBuildPhase section */
		5B2340C825BF4E8D0015ED22 /* Frameworks */ = {
			isa = PBXFrameworksBuildPhase;
			buildActionMask = 2147483647;
			files = (
			);
			runOnlyForDeploymentPostprocessing = 0;
		};
		5B2340D025BF4E8D0015ED22 /* Frameworks */ = {
			isa = PBXFrameworksBuildPhase;
			buildActionMask = 2147483647;
			files = (
			);
			runOnlyForDeploymentPostprocessing = 0;
		};
/* End PBXFrameworksBuildPhase section */

/* Begin PBXGroup section */
		5B2340BE25BF4E890015ED22 = {
			isa = PBXGroup;
			children = (
				5B2340C325BF4E890015ED22 /* Shared */,
				5B2340CD25BF4E8D0015ED22 /* iOS */,
				5B2340D425BF4E8D0015ED22 /* macOS */,
				5B2340CC25BF4E8D0015ED22 /* Products */,
			);
			sourceTree = "<group>";
		};
		5B2340C325BF4E890015ED22 /* Shared */ = {
			isa = PBXGroup;
			children = (
				5B2340C425BF4E890015ED22 /* InstafilterApp.swift */,
				5B2340C525BF4E890015ED22 /* ContentView.swift */,
				5B2340C625BF4E8D0015ED22 /* Assets.xcassets */,
				5BF469FA25C0857C0047989C /* ImagePicker.swift */,
			);
			path = Shared;
			sourceTree = "<group>";
		};
		5B2340CC25BF4E8D0015ED22 /* Products */ = {
			isa = PBXGroup;
			children = (
				5B2340CB25BF4E8D0015ED22 /* Instafilter.app */,
				5B2340D325BF4E8D0015ED22 /* Instafilter.app */,
			);
			name = Products;
			sourceTree = "<group>";
		};
		5B2340CD25BF4E8D0015ED22 /* iOS */ = {
			isa = PBXGroup;
			children = (
				5B2340CE25BF4E8D0015ED22 /* Info.plist */,
			);
			path = iOS;
			sourceTree = "<group>";
		};
		5B2340D425BF4E8D0015ED22 /* macOS */ = {
			isa = PBXGroup;
			children = (
				5B2340D525BF4E8D0015ED22 /* Info.plist */,
				5B2340D625BF4E8D0015ED22 /* macOS.entitlements */,
			);
			path = macOS;
			sourceTree = "<group>";
		};
/* End PBXGroup section */

/* Begin PBXNativeTarget section */
		5B2340CA25BF4E8D0015ED22 /* Instafilter (iOS) */ = {
			isa = PBXNativeTarget;
			buildConfigurationList = 5B2340DF25BF4E8D0015ED22 /* Build configuration list for PBXNativeTarget "Instafilter (iOS)" */;
			buildPhases = (
				5B2340C725BF4E8D0015ED22 /* Sources */,
				5B2340C825BF4E8D0015ED22 /* Frameworks */,
				5B2340C925BF4E8D0015ED22 /* Resources */,
			);
			buildRules = (
			);
			dependencies = (
			);
			name = "Instafilter (iOS)";
			productName = "Instafilter (iOS)";
			productReference = 5B2340CB25BF4E8D0015ED22 /* Instafilter.app */;
			productType = "com.apple.product-type.application";
		};
		5B2340D225BF4E8D0015ED22 /* Instafilter (macOS) */ = {
			isa = PBXNativeTarget;
			buildConfigurationList = 5B2340E225BF4E8D0015ED22 /* Build configuration list for PBXNativeTarget "Instafilter (macOS)" */;
			buildPhases = (
				5B2340CF25BF4E8D0015ED22 /* Sources */,
				5B2340D025BF4E8D0015ED22 /* Frameworks */,
				5B2340D125BF4E8D0015ED22 /* Resources */,
			);
			buildRules = (
			);
			dependencies = (
			);
			name = "Instafilter (macOS)";
			productName = "Instafilter (macOS)";
			productReference = 5B2340D325BF4E8D0015ED22 /* Instafilter.app */;
			productType = "com.apple.product-type.application";
		};
/* End PBXNativeTarget section */

/* Begin PBXProject section */
		5B2340BF25BF4E890015ED22 /* Project object */ = {
			isa = PBXProject;
			attributes = {
				LastSwiftUpdateCheck = 1230;
				LastUpgradeCheck = 1230;
				TargetAttributes = {
					5B2340CA25BF4E8D0015ED22 = {
						CreatedOnToolsVersion = 12.3;
					};
					5B2340D225BF4E8D0015ED22 = {
						CreatedOnToolsVersion = 12.3;
					};
				};
			};
			buildConfigurationList = 5B2340C225BF4E890015ED22 /* Build configuration list for PBXProject "Instafilter" */;
			compatibilityVersion = "Xcode 9.3";
			developmentRegion = en;
			hasScannedForEncodings = 0;
			knownRegions = (
				en,
				Base,
			);
			mainGroup = 5B2340BE25BF4E890015ED22;
			productRefGroup = 5B2340CC25BF4E8D0015ED22 /* Products */;
			projectDirPath = "";
			projectRoot = "";
			targets = (
				5B2340CA25BF4E8D0015ED22 /* Instafilter (iOS) */,
				5B2340D225BF4E8D0015ED22 /* Instafilter (macOS) */,
			);
		};
/* End PBXProject section */

/* Begin PBXResourcesBuildPhase section */
		5B2340C925BF4E8D0015ED22 /* Resources */ = {
			isa = PBXResourcesBuildPhase;
			buildActionMask = 2147483647;
			files = (
				5B2340DB25BF4E8D0015ED22 /* Assets.xcassets in Resources */,
			);
			runOnlyForDeploymentPostprocessing = 0;
		};
		5B2340D125BF4E8D0015ED22 /* Resources */ = {
			isa = PBXResourcesBuildPhase;
			buildActionMask = 2147483647;
			files = (
				5B2340DC25BF4E8D0015ED22 /* Assets.xcassets in Resources */,
			);
			runOnlyForDeploymentPostprocessing = 0;
		};
/* End PBXResourcesBuildPhase section */

/* Begin PBXSourcesBuildPhase section */
		5B2340C725BF4E8D0015ED22 /* Sources */ = {
			isa = PBXSourcesBuildPhase;
			buildActionMask = 2147483647;
			files = (
				5BF469FB25C0857C0047989C /* ImagePicker.swift in Sources */,
				5B2340D925BF4E8D0015ED22 /* ContentView.swift in Sources */,
				5B2340D725BF4E8D0015ED22 /* InstafilterApp.swift in Sources */,
			);
			runOnlyForDeploymentPostprocessing = 0;
		};
		5B2340CF25BF4E8D0015ED22 /* Sources */ = {
			isa = PBXSourcesBuildPhase;
			buildActionMask = 2147483647;
			files = (
				5BF469FC25C0857C0047989C /* ImagePicker.swift in Sources */,
				5B2340DA25BF4E8D0015ED22 /* ContentView.swift in Sources */,
				5B2340D825BF4E8D0015ED22 /* InstafilterApp.swift in Sources */,
			);
			runOnlyForDeploymentPostprocessing = 0;
		};
/* End PBXSourcesBuildPhase section */

/* Begin XCBuildConfiguration section */
		5B2340DD25BF4E8D0015ED22 /* Debug */ = {
			isa = XCBuildConfiguration;
			buildSettings = {
				ALWAYS_SEARCH_USER_PATHS = NO;
				CLANG_ANALYZER_NONNULL = YES;
				CLANG_ANALYZER_NUMBER_OBJECT_CONVERSION = YES_AGGRESSIVE;
				CLANG_CXX_LANGUAGE_STANDARD = "gnu++14";
				CLANG_CXX_LIBRARY = "libc++";
				CLANG_ENABLE_MODULES = YES;
				CLANG_ENABLE_OBJC_ARC = YES;
				CLANG_ENABLE_OBJC_WEAK = YES;
				CLANG_WARN_BLOCK_CAPTURE_AUTORELEASING = YES;
				CLANG_WARN_BOOL_CONVERSION = YES;
				CLANG_WARN_COMMA = YES;
				CLANG_WARN_CONSTANT_CONVERSION = YES;
				CLANG_WARN_DEPRECATED_OBJC_IMPLEMENTATIONS = YES;
				CLANG_WARN_DIRECT_OBJC_ISA_USAGE = YES_ERROR;
				CLANG_WARN_DOCUMENTATION_COMMENTS = YES;
				CLANG_WARN_EMPTY_BODY = YES;
				CLANG_WARN_ENUM_CONVERSION = YES;
				CLANG_WARN_INFINITE_RECURSION = YES;
				CLANG_WARN_INT_CONVERSION = YES;
				CLANG_WARN_NON_LITERAL_NULL_CONVERSION = YES;
				CLANG_WARN_OBJC_IMPLICIT_RETAIN_SELF = YES;
				CLANG_WARN_OBJC_LITERAL_CONVERSION = YES;
				CLANG_WARN_OBJC_ROOT_CLASS = YES_ERROR;
				CLANG_WARN_QUOTED_INCLUDE_IN_FRAMEWORK_HEADER = YES;
				CLANG_WARN_RANGE_LOOP_ANALYSIS = YES;
				CLANG_WARN_STRICT_PROTOTYPES = YES;
				CLANG_WARN_SUSPICIOUS_MOVE = YES;
				CLANG_WARN_UNGUARDED_AVAILABILITY = YES_AGGRESSIVE;
				CLANG_WARN_UNREACHABLE_CODE = YES;
				CLANG_WARN__DUPLICATE_METHOD_MATCH = YES;
				COPY_PHASE_STRIP = NO;
				DEBUG_INFORMATION_FORMAT = dwarf;
				ENABLE_STRICT_OBJC_MSGSEND = YES;
				ENABLE_TESTABILITY = YES;
				GCC_C_LANGUAGE_STANDARD = gnu11;
				GCC_DYNAMIC_NO_PIC = NO;
				GCC_NO_COMMON_BLOCKS = YES;
				GCC_OPTIMIZATION_LEVEL = 0;
				GCC_PREPROCESSOR_DEFINITIONS = (
					"DEBUG=1",
					"$(inherited)",
				);
				GCC_WARN_64_TO_32_BIT_CONVERSION = YES;
				GCC_WARN_ABOUT_RETURN_TYPE = YES_ERROR;
				GCC_WARN_UNDECLARED_SELECTOR = YES;
				GCC_WARN_UNINITIALIZED_AUTOS = YES_AGGRESSIVE;
				GCC_WARN_UNUSED_FUNCTION = YES;
				GCC_WARN_UNUSED_VARIABLE = YES;
				MTL_ENABLE_DEBUG_INFO = INCLUDE_SOURCE;
				MTL_FAST_MATH = YES;
				ONLY_ACTIVE_ARCH = YES;
				SWIFT_ACTIVE_COMPILATION_CONDITIONS = DEBUG;
				SWIFT_OPTIMIZATION_LEVEL = "-Onone";
			};
			name = Debug;
		};
		5B2340DE25BF4E8D0015ED22 /* Release */ = {
			isa = XCBuildConfiguration;
			buildSettings = {
				ALWAYS_SEARCH_USER_PATHS = NO;
				CLANG_ANALYZER_NONNULL = YES;
				CLANG_ANALYZER_NUMBER_OBJECT_CONVERSION = YES_AGGRESSIVE;
				CLANG_CXX_LANGUAGE_STANDARD = "gnu++14";
				CLANG_CXX_LIBRARY = "libc++";
				CLANG_ENABLE_MODULES = YES;
				CLANG_ENABLE_OBJC_ARC = YES;
				CLANG_ENABLE_OBJC_WEAK = YES;
				CLANG_WARN_BLOCK_CAPTURE_AUTORELEASING = YES;
				CLANG_WARN_BOOL_CONVERSION = YES;
				CLANG_WARN_COMMA = YES;
				CLANG_WARN_CONSTANT_CONVERSION = YES;
				CLANG_WARN_DEPRECATED_OBJC_IMPLEMENTATIONS = YES;
				CLANG_WARN_DIRECT_OBJC_ISA_USAGE = YES_ERROR;
				CLANG_WARN_DOCUMENTATION_COMMENTS = YES;
				CLANG_WARN_EMPTY_BODY = YES;
				CLANG_WARN_ENUM_CONVERSION = YES;
				CLANG_WARN_INFINITE_RECURSION = YES;
				CLANG_WARN_INT_CONVERSION = YES;
				CLANG_WARN_NON_LITERAL_NULL_CONVERSION = YES;
				CLANG_WARN_OBJC_IMPLICIT_RETAIN_SELF = YES;
				CLANG_WARN_OBJC_LITERAL_CONVERSION = YES;
				CLANG_WARN_OBJC_ROOT_CLASS = YES_ERROR;
				CLANG_WARN_QUOTED_INCLUDE_IN_FRAMEWORK_HEADER = YES;
				CLANG_WARN_RANGE_LOOP_ANALYSIS = YES;
				CLANG_WARN_STRICT_PROTOTYPES = YES;
				CLANG_WARN_SUSPICIOUS_MOVE = YES;
				CLANG_WARN_UNGUARDED_AVAILABILITY = YES_AGGRESSIVE;
				CLANG_WARN_UNREACHABLE_CODE = YES;
				CLANG_WARN__DUPLICATE_METHOD_MATCH = YES;
				COPY_PHASE_STRIP = NO;
				DEBUG_INFORMATION_FORMAT = "dwarf-with-dsym";
				ENABLE_NS_ASSERTIONS = NO;
				ENABLE_STRICT_OBJC_MSGSEND = YES;
				GCC_C_LANGUAGE_STANDARD = gnu11;
				GCC_NO_COMMON_BLOCKS = YES;
				GCC_WARN_64_TO_32_BIT_CONVERSION = YES;
				GCC_WARN_ABOUT_RETURN_TYPE = YES_ERROR;
				GCC_WARN_UNDECLARED_SELECTOR = YES;
				GCC_WARN_UNINITIALIZED_AUTOS = YES_AGGRESSIVE;
				GCC_WARN_UNUSED_FUNCTION = YES;
				GCC_WARN_UNUSED_VARIABLE = YES;
				MTL_ENABLE_DEBUG_INFO = NO;
				MTL_FAST_MATH = YES;
				SWIFT_COMPILATION_MODE = wholemodule;
				SWIFT_OPTIMIZATION_LEVEL = "-O";
			};
			name = Release;
		};
		5B2340E025BF4E8D0015ED22 /* Debug */ = {
			isa = XCBuildConfiguration;
			buildSettings = {
				ASSETCATALOG_COMPILER_APPICON_NAME = AppIcon;
				ASSETCATALOG_COMPILER_GLOBAL_ACCENT_COLOR_NAME = AccentColor;
				CODE_SIGN_STYLE = Automatic;
				ENABLE_PREVIEWS = YES;
				INFOPLIST_FILE = iOS/Info.plist;
				IPHONEOS_DEPLOYMENT_TARGET = 14.0;
				LD_RUNPATH_SEARCH_PATHS = (
					"$(inherited)",
					"@executable_path/Frameworks",
				);
				PRODUCT_BUNDLE_IDENTIFIER = com.ishouldgotosleep.100daysSwiftUI.Instafilter;
				PRODUCT_NAME = Instafilter;
				SDKROOT = iphoneos;
				SWIFT_VERSION = 5.0;
				TARGETED_DEVICE_FAMILY = "1,2";
			};
			name = Debug;
		};
		5B2340E125BF4E8D0015ED22 /* Release */ = {
			isa = XCBuildConfiguration;
			buildSettings = {
				ASSETCATALOG_COMPILER_APPICON_NAME = AppIcon;
				ASSETCATALOG_COMPILER_GLOBAL_ACCENT_COLOR_NAME = AccentColor;
				CODE_SIGN_STYLE = Automatic;
				ENABLE_PREVIEWS = YES;
				INFOPLIST_FILE = iOS/Info.plist;
				IPHONEOS_DEPLOYMENT_TARGET = 14.0;
				LD_RUNPATH_SEARCH_PATHS = (
					"$(inherited)",
					"@executable_path/Frameworks",
				);
				PRODUCT_BUNDLE_IDENTIFIER = com.ishouldgotosleep.100daysSwiftUI.Instafilter;
				PRODUCT_NAME = Instafilter;
				SDKROOT = iphoneos;
				SWIFT_VERSION = 5.0;
				TARGETED_DEVICE_FAMILY = "1,2";
				VALIDATE_PRODUCT = YES;
			};
			name = Release;
		};
		5B2340E325BF4E8D0015ED22 /* Debug */ = {
			isa = XCBuildConfiguration;
			buildSettings = {
				ASSETCATALOG_COMPILER_APPICON_NAME = AppIcon;
				ASSETCATALOG_COMPILER_GLOBAL_ACCENT_COLOR_NAME = AccentColor;
				CODE_SIGN_ENTITLEMENTS = macOS/macOS.entitlements;
				CODE_SIGN_STYLE = Automatic;
				COMBINE_HIDPI_IMAGES = YES;
				ENABLE_PREVIEWS = YES;
				INFOPLIST_FILE = macOS/Info.plist;
				LD_RUNPATH_SEARCH_PATHS = (
					"$(inherited)",
					"@executable_path/../Frameworks",
				);
				MACOSX_DEPLOYMENT_TARGET = 11.0;
				PRODUCT_BUNDLE_IDENTIFIER = com.ishouldgotosleep.100daysSwiftUI.Instafilter;
				PRODUCT_NAME = Instafilter;
				SDKROOT = macosx;
				SWIFT_VERSION = 5.0;
			};
			name = Debug;
		};
		5B2340E425BF4E8D0015ED22 /* Release */ = {
			isa = XCBuildConfiguration;
			buildSettings = {
				ASSETCATALOG_COMPILER_APPICON_NAME = AppIcon;
				ASSETCATALOG_COMPILER_GLOBAL_ACCENT_COLOR_NAME = AccentColor;
				CODE_SIGN_ENTITLEMENTS = macOS/macOS.entitlements;
				CODE_SIGN_STYLE = Automatic;
				COMBINE_HIDPI_IMAGES = YES;
				ENABLE_PREVIEWS = YES;
				INFOPLIST_FILE = macOS/Info.plist;
				LD_RUNPATH_SEARCH_PATHS = (
					"$(inherited)",
					"@executable_path/../Frameworks",
				);
				MACOSX_DEPLOYMENT_TARGET = 11.0;
				PRODUCT_BUNDLE_IDENTIFIER = com.ishouldgotosleep.100daysSwiftUI.Instafilter;
				PRODUCT_NAME = Instafilter;
				SDKROOT = macosx;
				SWIFT_VERSION = 5.0;
			};
			name = Release;
		};
/* End XCBuildConfiguration section */

/* Begin XCConfigurationList section */
		5B2340C225BF4E890015ED22 /* Build configuration list for PBXProject "Instafilter" */ = {
			isa = XCConfigurationList;
			buildConfigurations = (
				5B2340DD25BF4E8D0015ED22 /* Debug */,
				5B2340DE25BF4E8D0015ED22 /* Release */,
			);
			defaultConfigurationIsVisible = 0;
			defaultConfigurationName = Release;
		};
		5B2340DF25BF4E8D0015ED22 /* Build configuration list for PBXNativeTarget "Instafilter (iOS)" */ = {
			isa = XCConfigurationList;
			buildConfigurations = (
				5B2340E025BF4E8D0015ED22 /* Debug */,
				5B2340E125BF4E8D0015ED22 /* Release */,
			);
			defaultConfigurationIsVisible = 0;
			defaultConfigurationName = Release;
		};
		5B2340E225BF4E8D0015ED22 /* Build configuration list for PBXNativeTarget "Instafilter (macOS)" */ = {
			isa = XCConfigurationList;
			buildConfigurations = (
				5B2340E325BF4E8D0015ED22 /* Debug */,
				5B2340E425BF4E8D0015ED22 /* Release */,
			);
			defaultConfigurationIsVisible = 0;
			defaultConfigurationName = Release;
		};
/* End XCConfigurationList section */
	};
	rootObject = 5B2340BF25BF4E890015ED22 /* Project object */;
}
